Microsoft Visual Studio Solution File, Format Version 12.00
# Visual Studio Version 17
VisualStudioVersion = 17.5.2.0
MinimumVisualStudioVersion = 10.0.40219.1
Project("{FAE04EC0-301F-11D3-BF4B-00C04F79EFBC}") = "housing-location-backend", "housing-location-backend.csproj", "{FF58C6D8-0BA3-C9E9-F6E8-ECC31D531B41}"
EndProject
Global
	GlobalSection(SolutionConfigurationPlatforms) = preSolution
		Debug|Any CPU = Debug|Any CPU
		Release|Any CPU = Release|Any CPU
	EndGlobalSection
	GlobalSection(ProjectConfigurationPlatforms) = postSolution
		{FF58C6D8-0BA3-C9E9-F6E8-ECC31D531B41}.Debug|Any CPU.ActiveCfg = Debug|Any CPU
		{FF58C6D8-0BA3-C9E9-F6E8-ECC31D531B41}.Debug|Any CPU.Build.0 = Debug|Any CPU
		{FF58C6D8-0BA3-C9E9-F6E8-ECC31D531B41}.Release|Any CPU.ActiveCfg = Release|Any CPU
		{FF58C6D8-0BA3-C9E9-F6E8-ECC31D531B41}.Release|Any CPU.Build.0 = Release|Any CPU
	EndGlobalSection
	GlobalSection(SolutionProperties) = preSolution
		HideSolutionNode = FALSE
	EndGlobalSection
	GlobalSection(ExtensibilityGlobals) = postSolution
		SolutionGuid = {0B557FFF-0603-4844-8819-23A3B9AEB161}
	EndGlobalSection
EndGlobal
